
Microsoft Visual Studio Solution File, Format Version 12.00
# Visual Studio 15
Project("{FAE04EC0-301F-11D3-BF4B-00C04F79EFBC}") = "Oculus.Platform", "Oculus.Platform.csproj", "{2312C962-49FD-E228-8395-D28AB3B1741C}"
EndProject
Project("{FAE04EC0-301F-11D3-BF4B-00C04F79EFBC}") = "Assembly-CSharp", "Assembly-CSharp.csproj", "{0F43F0D5-C377-3325-581A-C2888908D70C}"
EndProject
Project("{FAE04EC0-301F-11D3-BF4B-00C04F79EFBC}") = "Oculus.VR", "Oculus.VR.csproj", "{529DD1A7-C89B-3A60-9D65-4826AAC9E459}"
EndProject
Project("{FAE04EC0-301F-11D3-BF4B-00C04F79EFBC}") = "PathCreator", "PathCreator.csproj", "{97A18809-840A-2656-A777-9541E3CBD1FC}"
EndProject
Project("{FAE04EC0-301F-11D3-BF4B-00C04F79EFBC}") = "Assembly-CSharp-firstpass", "Assembly-CSharp-firstpass.csproj", "{A6E08ABC-3E25-C33E-382A-B2D330801167}"
EndProject
Project("{FAE04EC0-301F-11D3-BF4B-00C04F79EFBC}") = "Oculus.Platform.Editor", "Oculus.Platform.Editor.csproj", "{A608323D-4E72-05B0-97A5-A33F4CF5AD08}"
EndProject
Project("{FAE04EC0-301F-11D3-BF4B-00C04F79EFBC}") = "Assembly-CSharp-Editor", "Assembly-CSharp-Editor.csproj", "{55292A76-79EE-E9B7-A670-3657702194DB}"
EndProject
Project("{FAE04EC0-301F-11D3-BF4B-00C04F79EFBC}") = "Assembly-CSharp-Editor-firstpass", "Assembly-CSharp-Editor-firstpass.csproj", "{5F6DCC16-BC1A-E534-8468-82DD51F9BC4F}"
EndProject
Project("{FAE04EC0-301F-11D3-BF4B-00C04F79EFBC}") = "Oculus.VR.Editor", "Oculus.VR.Editor.csproj", "{832B6EC5-35B3-82E5-BBB0-692A1B6D5C77}"
EndProject
Project("{FAE04EC0-301F-11D3-BF4B-00C04F79EFBC}") = "PathCreatorEditor", "PathCreatorEditor.csproj", "{14FFF7E4-F30D-78D8-64C4-908C3098FF62}"
EndProject
Project("{FAE04EC0-301F-11D3-BF4B-00C04F79EFBC}") = "Oculus.VR.Scripts.Editor", "Oculus.VR.Scripts.Editor.csproj", "{583274A6-134E-0D30-6C3F-86A5992E63FD}"
EndProject
Global
	GlobalSection(SolutionConfigurationPlatforms) = preSolution
		Debug|Any CPU = Debug|Any CPU
		Release|Any CPU = Release|Any CPU
	EndGlobalSection
	GlobalSection(ProjectConfigurationPlatforms) = postSolution
		{2312C962-49FD-E228-8395-D28AB3B1741C}.Debug|Any CPU.ActiveCfg = Debug|Any CPU
		{2312C962-49FD-E228-8395-D28AB3B1741C}.Debug|Any CPU.Build.0 = Debug|Any CPU
		{2312C962-49FD-E228-8395-D28AB3B1741C}.Release|Any CPU.ActiveCfg = Release|Any CPU
		{2312C962-49FD-E228-8395-D28AB3B1741C}.Release|Any CPU.Build.0 = Release|Any CPU
		{0F43F0D5-C377-3325-581A-C2888908D70C}.Debug|Any CPU.ActiveCfg = Debug|Any CPU
		{0F43F0D5-C377-3325-581A-C2888908D70C}.Debug|Any CPU.Build.0 = Debug|Any CPU
		{0F43F0D5-C377-3325-581A-C2888908D70C}.Release|Any CPU.ActiveCfg = Release|Any CPU
		{0F43F0D5-C377-3325-581A-C2888908D70C}.Release|Any CPU.Build.0 = Release|Any CPU
		{529DD1A7-C89B-3A60-9D65-4826AAC9E459}.Debug|Any CPU.ActiveCfg = Debug|Any CPU
		{529DD1A7-C89B-3A60-9D65-4826AAC9E459}.Debug|Any CPU.Build.0 = Debug|Any CPU
		{529DD1A7-C89B-3A60-9D65-4826AAC9E459}.Release|Any CPU.ActiveCfg = Release|Any CPU
		{529DD1A7-C89B-3A60-9D65-4826AAC9E459}.Release|Any CPU.Build.0 = Release|Any CPU
		{97A18809-840A-2656-A777-9541E3CBD1FC}.Debug|Any CPU.ActiveCfg = Debug|Any CPU
		{97A18809-840A-2656-A777-9541E3CBD1FC}.Debug|Any CPU.Build.0 = Debug|Any CPU
		{97A18809-840A-2656-A777-9541E3CBD1FC}.Release|Any CPU.ActiveCfg = Release|Any CPU
		{97A18809-840A-2656-A777-9541E3CBD1FC}.Release|Any CPU.Build.0 = Release|Any CPU
		{A6E08ABC-3E25-C33E-382A-B2D330801167}.Debug|Any CPU.ActiveCfg = Debug|Any CPU
		{A6E08ABC-3E25-C33E-382A-B2D330801167}.Debug|Any CPU.Build.0 = Debug|Any CPU
		{A6E08ABC-3E25-C33E-382A-B2D330801167}.Release|Any CPU.ActiveCfg = Release|Any CPU
		{A6E08ABC-3E25-C33E-382A-B2D330801167}.Release|Any CPU.Build.0 = Release|Any CPU
		{A608323D-4E72-05B0-97A5-A33F4CF5AD08}.Debug|Any CPU.ActiveCfg = Debug|Any CPU
		{A608323D-4E72-05B0-97A5-A33F4CF5AD08}.Debug|Any CPU.Build.0 = Debug|Any CPU
		{A608323D-4E72-05B0-97A5-A33F4CF5AD08}.Release|Any CPU.ActiveCfg = Release|Any CPU
		{A608323D-4E72-05B0-97A5-A33F4CF5AD08}.Release|Any CPU.Build.0 = Release|Any CPU
		{55292A76-79EE-E9B7-A670-3657702194DB}.Debug|Any CPU.ActiveCfg = Debug|Any CPU
		{55292A76-79EE-E9B7-A670-3657702194DB}.Debug|Any CPU.Build.0 = Debug|Any CPU
		{55292A76-79EE-E9B7-A670-3657702194DB}.Release|Any CPU.ActiveCfg = Release|Any CPU
		{55292A76-79EE-E9B7-A670-3657702194DB}.Release|Any CPU.Build.0 = Release|Any CPU
		{5F6DCC16-BC1A-E534-8468-82DD51F9BC4F}.Debug|Any CPU.ActiveCfg = Debug|Any CPU
		{5F6DCC16-BC1A-E534-8468-82DD51F9BC4F}.Debug|Any CPU.Build.0 = Debug|Any CPU
		{5F6DCC16-BC1A-E534-8468-82DD51F9BC4F}.Release|Any CPU.ActiveCfg = Release|Any CPU
		{5F6DCC16-BC1A-E534-8468-82DD51F9BC4F}.Release|Any CPU.Build.0 = Release|Any CPU
		{832B6EC5-35B3-82E5-BBB0-692A1B6D5C77}.Debug|Any CPU.ActiveCfg = Debug|Any CPU
		{832B6EC5-35B3-82E5-BBB0-692A1B6D5C77}.Debug|Any CPU.Build.0 = Debug|Any CPU
		{832B6EC5-35B3-82E5-BBB0-692A1B6D5C77}.Release|Any CPU.ActiveCfg = Release|Any CPU
		{832B6EC5-35B3-82E5-BBB0-692A1B6D5C77}.Release|Any CPU.Build.0 = Release|Any CPU
		{14FFF7E4-F30D-78D8-64C4-908C3098FF62}.Debug|Any CPU.ActiveCfg = Debug|Any CPU
		{14FFF7E4-F30D-78D8-64C4-908C3098FF62}.Debug|Any CPU.Build.0 = Debug|Any CPU
		{14FFF7E4-F30D-78D8-64C4-908C3098FF62}.Release|Any CPU.ActiveCfg = Release|Any CPU
		{14FFF7E4-F30D-78D8-64C4-908C3098FF62}.Release|Any CPU.Build.0 = Release|Any CPU
		{583274A6-134E-0D30-6C3F-86A5992E63FD}.Debug|Any CPU.ActiveCfg = Debug|Any CPU
		{583274A6-134E-0D30-6C3F-86A5992E63FD}.Debug|Any CPU.Build.0 = Debug|Any CPU
		{583274A6-134E-0D30-6C3F-86A5992E63FD}.Release|Any CPU.ActiveCfg = Release|Any CPU
		{583274A6-134E-0D30-6C3F-86A5992E63FD}.Release|Any CPU.Build.0 = Release|Any CPU
	EndGlobalSection
	GlobalSection(SolutionProperties) = preSolution
		HideSolutionNode = FALSE
	EndGlobalSection
EndGlobal
